// !$*UTF8*$!
{
	archiveVersion = 1;
	classes = {
	};
	objectVersion = 56;
	objects = {

/* Begin PBXBuildFile section */
		B518F4BE2A84B7650025F7E1 /* SpendingCard.swift in Sources */ = {isa = PBXBuildFile; fileRef = B518F4BD2A84B7650025F7E1 /* SpendingCard.swift */; };
		B58C9FA72A82BCCD00D06630 /* AddSpending.swift in Sources */ = {isa = PBXBuildFile; fileRef = B58C9FA62A82BCCD00D06630 /* AddSpending.swift */; };
		B58C9FA92A82BD1400D06630 /* daily_spending.swift in Sources */ = {isa = PBXBuildFile; fileRef = B58C9FA82A82BD1400D06630 /* daily_spending.swift */; };
		B58C9FAB2A82BD2900D06630 /* spending.swift in Sources */ = {isa = PBXBuildFile; fileRef = B58C9FAA2A82BD2900D06630 /* spending.swift */; };
		B58C9FAD2A82C11000D06630 /* DisplaySpending.swift in Sources */ = {isa = PBXBuildFile; fileRef = B58C9FAC2A82C10F00D06630 /* DisplaySpending.swift */; };
		B5F5BC872A81307D0035ED40 /* bag_chaserApp.swift in Sources */ = {isa = PBXBuildFile; fileRef = B5F5BC862A81307D0035ED40 /* bag_chaserApp.swift */; };
		B5F5BC892A81307D0035ED40 /* ContentView.swift in Sources */ = {isa = PBXBuildFile; fileRef = B5F5BC882A81307D0035ED40 /* ContentView.swift */; };
		B5F5BC8B2A81307E0035ED40 /* Assets.xcassets in Resources */ = {isa = PBXBuildFile; fileRef = B5F5BC8A2A81307E0035ED40 /* Assets.xcassets */; };
		B5F5BC8E2A81307E0035ED40 /* Preview Assets.xcassets in Resources */ = {isa = PBXBuildFile; fileRef = B5F5BC8D2A81307E0035ED40 /* Preview Assets.xcassets */; };
		B5F5BCB12A8157A50035ED40 /* local_storage_helper.swift in Sources */ = {isa = PBXBuildFile; fileRef = B5F5BCB02A8157A50035ED40 /* local_storage_helper.swift */; };
		B5F605272A837FA10029D991 /* EditSpending.swift in Sources */ = {isa = PBXBuildFile; fileRef = B5F605262A837FA10029D991 /* EditSpending.swift */; };
/* End PBXBuildFile section */

/* Begin PBXContainerItemProxy section */
		B5F5BC942A81307E0035ED40 /* PBXContainerItemProxy */ = {
			isa = PBXContainerItemProxy;
			containerPortal = B5F5BC7B2A81307D0035ED40 /* Project object */;
			proxyType = 1;
			remoteGlobalIDString = B5F5BC822A81307D0035ED40;
			remoteInfo = "bag-chaser";
		};
		B5F5BC9E2A81307E0035ED40 /* PBXContainerItemProxy */ = {
			isa = PBXContainerItemProxy;
			containerPortal = B5F5BC7B2A81307D0035ED40 /* Project object */;
			proxyType = 1;
			remoteGlobalIDString = B5F5BC822A81307D0035ED40;
			remoteInfo = "bag-chaser";
		};
/* End PBXContainerItemProxy section */

/* Begin PBXFileReference section */
		B518F4BD2A84B7650025F7E1 /* SpendingCard.swift */ = {isa = PBXFileReference; lastKnownFileType = sourcecode.swift; path = SpendingCard.swift; sourceTree = "<group>"; };
		B58C9FA62A82BCCD00D06630 /* AddSpending.swift */ = {isa = PBXFileReference; lastKnownFileType = sourcecode.swift; path = AddSpending.swift; sourceTree = "<group>"; };
		B58C9FA82A82BD1400D06630 /* daily_spending.swift */ = {isa = PBXFileReference; lastKnownFileType = sourcecode.swift; path = daily_spending.swift; sourceTree = "<group>"; };
		B58C9FAA2A82BD2900D06630 /* spending.swift */ = {isa = PBXFileReference; lastKnownFileType = sourcecode.swift; path = spending.swift; sourceTree = "<group>"; };
		B58C9FAC2A82C10F00D06630 /* DisplaySpending.swift */ = {isa = PBXFileReference; lastKnownFileType = sourcecode.swift; path = DisplaySpending.swift; sourceTree = "<group>"; };
		B5F5BC832A81307D0035ED40 /* bag-chaser.app */ = {isa = PBXFileReference; explicitFileType = wrapper.application; includeInIndex = 0; path = "bag-chaser.app"; sourceTree = BUILT_PRODUCTS_DIR; };
		B5F5BC862A81307D0035ED40 /* bag_chaserApp.swift */ = {isa = PBXFileReference; lastKnownFileType = sourcecode.swift; path = bag_chaserApp.swift; sourceTree = "<group>"; };
		B5F5BC882A81307D0035ED40 /* ContentView.swift */ = {isa = PBXFileReference; lastKnownFileType = sourcecode.swift; path = ContentView.swift; sourceTree = "<group>"; };
		B5F5BC8A2A81307E0035ED40 /* Assets.xcassets */ = {isa = PBXFileReference; lastKnownFileType = folder.assetcatalog; path = Assets.xcassets; sourceTree = "<group>"; };
		B5F5BC8D2A81307E0035ED40 /* Preview Assets.xcassets */ = {isa = PBXFileReference; lastKnownFileType = folder.assetcatalog; path = "Preview Assets.xcassets"; sourceTree = "<group>"; };
		B5F5BC932A81307E0035ED40 /* bag-chaserTests.xctest */ = {isa = PBXFileReference; explicitFileType = wrapper.cfbundle; includeInIndex = 0; path = "bag-chaserTests.xctest"; sourceTree = BUILT_PRODUCTS_DIR; };
		B5F5BC9D2A81307E0035ED40 /* bag-chaserUITests.xctest */ = {isa = PBXFileReference; explicitFileType = wrapper.cfbundle; includeInIndex = 0; path = "bag-chaserUITests.xctest"; sourceTree = BUILT_PRODUCTS_DIR; };
		B5F5BCB02A8157A50035ED40 /* local_storage_helper.swift */ = {isa = PBXFileReference; lastKnownFileType = sourcecode.swift; path = local_storage_helper.swift; sourceTree = "<group>"; };
		B5F605262A837FA10029D991 /* EditSpending.swift */ = {isa = PBXFileReference; lastKnownFileType = sourcecode.swift; path = EditSpending.swift; sourceTree = "<group>"; };
/* End PBXFileReference section */

/* Begin PBXFrameworksBuildPhase section */
		B5F5BC802A81307D0035ED40 /* Frameworks */ = {
			isa = PBXFrameworksBuildPhase;
			buildActionMask = 2147483647;
			files = (
			);
			runOnlyForDeploymentPostprocessing = 0;
		};
		B5F5BC902A81307E0035ED40 /* Frameworks */ = {
			isa = PBXFrameworksBuildPhase;
			buildActionMask = 2147483647;
			files = (
			);
			runOnlyForDeploymentPostprocessing = 0;
		};
		B5F5BC9A2A81307E0035ED40 /* Frameworks */ = {
			isa = PBXFrameworksBuildPhase;
			buildActionMask = 2147483647;
			files = (
			);
			runOnlyForDeploymentPostprocessing = 0;
		};
/* End PBXFrameworksBuildPhase section */

/* Begin PBXGroup section */
		B58C9FA52A82BCA300D06630 /* pages */ = {
			isa = PBXGroup;
			children = (
				B5F5BC882A81307D0035ED40 /* ContentView.swift */,
				B58C9FA62A82BCCD00D06630 /* AddSpending.swift */,
				B58C9FAC2A82C10F00D06630 /* DisplaySpending.swift */,
				B5F605262A837FA10029D991 /* EditSpending.swift */,
				B518F4BD2A84B7650025F7E1 /* SpendingCard.swift */,
			);
			path = pages;
			sourceTree = "<group>";
		};
		B5F5BC7A2A81307D0035ED40 = {
			isa = PBXGroup;
			children = (
				B5F5BC852A81307D0035ED40 /* bag-chaser */,
				B5F5BC842A81307D0035ED40 /* Products */,
			);
			sourceTree = "<group>";
		};
		B5F5BC842A81307D0035ED40 /* Products */ = {
			isa = PBXGroup;
			children = (
				B5F5BC832A81307D0035ED40 /* bag-chaser.app */,
				B5F5BC932A81307E0035ED40 /* bag-chaserTests.xctest */,
				B5F5BC9D2A81307E0035ED40 /* bag-chaserUITests.xctest */,
			);
			name = Products;
			sourceTree = "<group>";
		};
		B5F5BC852A81307D0035ED40 /* bag-chaser */ = {
			isa = PBXGroup;
			children = (
				B58C9FA52A82BCA300D06630 /* pages */,
				B5F5BCB32A81580F0035ED40 /* structs */,
				B5F5BC862A81307D0035ED40 /* bag_chaserApp.swift */,
				B5F5BC8A2A81307E0035ED40 /* Assets.xcassets */,
				B5F5BC8C2A81307E0035ED40 /* Preview Content */,
			);
			path = "bag-chaser";
			sourceTree = "<group>";
		};
		B5F5BC8C2A81307E0035ED40 /* Preview Content */ = {
			isa = PBXGroup;
			children = (
				B5F5BC8D2A81307E0035ED40 /* Preview Assets.xcassets */,
			);
			path = "Preview Content";
			sourceTree = "<group>";
		};
		B5F5BCB32A81580F0035ED40 /* structs */ = {
			isa = PBXGroup;
			children = (
				B5F5BCB02A8157A50035ED40 /* local_storage_helper.swift */,
				B58C9FA82A82BD1400D06630 /* daily_spending.swift */,
				B58C9FAA2A82BD2900D06630 /* spending.swift */,
			);
			path = structs;
			sourceTree = "<group>";
		};
/* End PBXGroup section */

/* Begin PBXNativeTarget section */
		B5F5BC822A81307D0035ED40 /* bag-chaser */ = {
			isa = PBXNativeTarget;
			buildConfigurationList = B5F5BCA72A81307E0035ED40 /* Build configuration list for PBXNativeTarget "bag-chaser" */;
			buildPhases = (
				B5F5BC7F2A81307D0035ED40 /* Sources */,
				B5F5BC802A81307D0035ED40 /* Frameworks */,
				B5F5BC812A81307D0035ED40 /* Resources */,
			);
			buildRules = (
			);
			dependencies = (
			);
			name = "bag-chaser";
			productName = "bag-chaser";
			productReference = B5F5BC832A81307D0035ED40 /* bag-chaser.app */;
			productType = "com.apple.product-type.application";
		};
		B5F5BC922A81307E0035ED40 /* bag-chaserTests */ = {
			isa = PBXNativeTarget;
			buildConfigurationList = B5F5BCAA2A81307E0035ED40 /* Build configuration list for PBXNativeTarget "bag-chaserTests" */;
			buildPhases = (
				B5F5BC8F2A81307E0035ED40 /* Sources */,
				B5F5BC902A81307E0035ED40 /* Frameworks */,
				B5F5BC912A81307E0035ED40 /* Resources */,
			);
			buildRules = (
			);
			dependencies = (
				B5F5BC952A81307E0035ED40 /* PBXTargetDependency */,
			);
			name = "bag-chaserTests";
			productName = "bag-chaserTests";
			productReference = B5F5BC932A81307E0035ED40 /* bag-chaserTests.xctest */;
			productType = "com.apple.product-type.bundle.unit-test";
		};
		B5F5BC9C2A81307E0035ED40 /* bag-chaserUITests */ = {
			isa = PBXNativeTarget;
			buildConfigurationList = B5F5BCAD2A81307E0035ED40 /* Build configuration list for PBXNativeTarget "bag-chaserUITests" */;
			buildPhases = (
				B5F5BC992A81307E0035ED40 /* Sources */,
				B5F5BC9A2A81307E0035ED40 /* Frameworks */,
				B5F5BC9B2A81307E0035ED40 /* Resources */,
			);
			buildRules = (
			);
			dependencies = (
				B5F5BC9F2A81307E0035ED40 /* PBXTargetDependency */,
			);
			name = "bag-chaserUITests";
			productName = "bag-chaserUITests";
			productReference = B5F5BC9D2A81307E0035ED40 /* bag-chaserUITests.xctest */;
			productType = "com.apple.product-type.bundle.ui-testing";
		};
/* End PBXNativeTarget section */

/* Begin PBXProject section */
		B5F5BC7B2A81307D0035ED40 /* Project object */ = {
			isa = PBXProject;
			attributes = {
				BuildIndependentTargetsInParallel = 1;
				LastSwiftUpdateCheck = 1430;
				LastUpgradeCheck = 1430;
				TargetAttributes = {
					B5F5BC822A81307D0035ED40 = {
						CreatedOnToolsVersion = 14.3;
					};
					B5F5BC922A81307E0035ED40 = {
						CreatedOnToolsVersion = 14.3;
						TestTargetID = B5F5BC822A81307D0035ED40;
					};
					B5F5BC9C2A81307E0035ED40 = {
						CreatedOnToolsVersion = 14.3;
						TestTargetID = B5F5BC822A81307D0035ED40;
					};
				};
			};
			buildConfigurationList = B5F5BC7E2A81307D0035ED40 /* Build configuration list for PBXProject "bag-chaser" */;
			compatibilityVersion = "Xcode 14.0";
			developmentRegion = en;
			hasScannedForEncodings = 0;
			knownRegions = (
				en,
				Base,
			);
			mainGroup = B5F5BC7A2A81307D0035ED40;
			productRefGroup = B5F5BC842A81307D0035ED40 /* Products */;
			projectDirPath = "";
			projectRoot = "";
			targets = (
				B5F5BC822A81307D0035ED40 /* bag-chaser */,
				B5F5BC922A81307E0035ED40 /* bag-chaserTests */,
				B5F5BC9C2A81307E0035ED40 /* bag-chaserUITests */,
			);
		};
/* End PBXProject section */

/* Begin PBXResourcesBuildPhase section */
		B5F5BC812A81307D0035ED40 /* Resources */ = {
			isa = PBXResourcesBuildPhase;
			buildActionMask = 2147483647;
			files = (
				B5F5BC8E2A81307E0035ED40 /* Preview Assets.xcassets in Resources */,
				B5F5BC8B2A81307E0035ED40 /* Assets.xcassets in Resources */,
			);
			runOnlyForDeploymentPostprocessing = 0;
		};
		B5F5BC912A81307E0035ED40 /* Resources */ = {
			isa = PBXResourcesBuildPhase;
			buildActionMask = 2147483647;
			files = (
			);
			runOnlyForDeploymentPostprocessing = 0;
		};
		B5F5BC9B2A81307E0035ED40 /* Resources */ = {
			isa = PBXResourcesBuildPhase;
			buildActionMask = 2147483647;
			files = (
			);
			runOnlyForDeploymentPostprocessing = 0;
		};
/* End PBXResourcesBuildPhase section */

/* Begin PBXSourcesBuildPhase section */
		B5F5BC7F2A81307D0035ED40 /* Sources */ = {
			isa = PBXSourcesBuildPhase;
			buildActionMask = 2147483647;
			files = (
				B5F5BCB12A8157A50035ED40 /* local_storage_helper.swift in Sources */,
				B58C9FA72A82BCCD00D06630 /* AddSpending.swift in Sources */,
				B5F5BC892A81307D0035ED40 /* ContentView.swift in Sources */,
				B5F605272A837FA10029D991 /* EditSpending.swift in Sources */,
				B518F4BE2A84B7650025F7E1 /* SpendingCard.swift in Sources */,
				B58C9FA92A82BD1400D06630 /* daily_spending.swift in Sources */,
				B5F5BC872A81307D0035ED40 /* bag_chaserApp.swift in Sources */,
				B58C9FAD2A82C11000D06630 /* DisplaySpending.swift in Sources */,
				B58C9FAB2A82BD2900D06630 /* spending.swift in Sources */,
			);
			runOnlyForDeploymentPostprocessing = 0;
		};
		B5F5BC8F2A81307E0035ED40 /* Sources */ = {
			isa = PBXSourcesBuildPhase;
			buildActionMask = 2147483647;
			files = (
			);
			runOnlyForDeploymentPostprocessing = 0;
		};
		B5F5BC992A81307E0035ED40 /* Sources */ = {
			isa = PBXSourcesBuildPhase;
			buildActionMask = 2147483647;
			files = (
			);
			runOnlyForDeploymentPostprocessing = 0;
		};
/* End PBXSourcesBuildPhase section */

/* Begin PBXTargetDependency section */
		B5F5BC952A81307E0035ED40 /* PBXTargetDependency */ = {
			isa = PBXTargetDependency;
			target = B5F5BC822A81307D0035ED40 /* bag-chaser */;
			targetProxy = B5F5BC942A81307E0035ED40 /* PBXContainerItemProxy */;
		};
		B5F5BC9F2A81307E0035ED40 /* PBXTargetDependency */ = {
			isa = PBXTargetDependency;
			target = B5F5BC822A81307D0035ED40 /* bag-chaser */;
			targetProxy = B5F5BC9E2A81307E0035ED40 /* PBXContainerItemProxy */;
		};
/* End PBXTargetDependency section */

/* Begin XCBuildConfiguration section */
		B5F5BCA52A81307E0035ED40 /* Debug */ = {
			isa = XCBuildConfiguration;
			buildSettings = {
				ALWAYS_SEARCH_USER_PATHS = NO;
				CLANG_ANALYZER_NONNULL = YES;
				CLANG_ANALYZER_NUMBER_OBJECT_CONVERSION = YES_AGGRESSIVE;
				CLANG_CXX_LANGUAGE_STANDARD = "gnu++20";
				CLANG_ENABLE_MODULES = YES;
				CLANG_ENABLE_OBJC_ARC = YES;
				CLANG_ENABLE_OBJC_WEAK = YES;
				CLANG_WARN_BLOCK_CAPTURE_AUTORELEASING = YES;
				CLANG_WARN_BOOL_CONVERSION = YES;
				CLANG_WARN_COMMA = YES;
				CLANG_WARN_CONSTANT_CONVERSION = YES;
				CLANG_WARN_DEPRECATED_OBJC_IMPLEMENTATIONS = YES;
				CLANG_WARN_DIRECT_OBJC_ISA_USAGE = YES_ERROR;
				CLANG_WARN_DOCUMENTATION_COMMENTS = YES;
				CLANG_WARN_EMPTY_BODY = YES;
				CLANG_WARN_ENUM_CONVERSION = YES;
				CLANG_WARN_INFINITE_RECURSION = YES;
				CLANG_WARN_INT_CONVERSION = YES;
				CLANG_WARN_NON_LITERAL_NULL_CONVERSION = YES;
				CLANG_WARN_OBJC_IMPLICIT_RETAIN_SELF = YES;
				CLANG_WARN_OBJC_LITERAL_CONVERSION = YES;
				CLANG_WARN_OBJC_ROOT_CLASS = YES_ERROR;
				CLANG_WARN_QUOTED_INCLUDE_IN_FRAMEWORK_HEADER = YES;
				CLANG_WARN_RANGE_LOOP_ANALYSIS = YES;
				CLANG_WARN_STRICT_PROTOTYPES = YES;
				CLANG_WARN_SUSPICIOUS_MOVE = YES;
				CLANG_WARN_UNGUARDED_AVAILABILITY = YES_AGGRESSIVE;
				CLANG_WARN_UNREACHABLE_CODE = YES;
				CLANG_WARN__DUPLICATE_METHOD_MATCH = YES;
				COPY_PHASE_STRIP = NO;
				DEBUG_INFORMATION_FORMAT = dwarf;
				ENABLE_STRICT_OBJC_MSGSEND = YES;
				ENABLE_TESTABILITY = YES;
				GCC_C_LANGUAGE_STANDARD = gnu11;
				GCC_DYNAMIC_NO_PIC = NO;
				GCC_NO_COMMON_BLOCKS = YES;
				GCC_OPTIMIZATION_LEVEL = 0;
				GCC_PREPROCESSOR_DEFINITIONS = (
					"DEBUG=1",
					"$(inherited)",
				);
				GCC_WARN_64_TO_32_BIT_CONVERSION = YES;
				GCC_WARN_ABOUT_RETURN_TYPE = YES_ERROR;
				GCC_WARN_UNDECLARED_SELECTOR = YES;
				GCC_WARN_UNINITIALIZED_AUTOS = YES_AGGRESSIVE;
				GCC_WARN_UNUSED_FUNCTION = YES;
				GCC_WARN_UNUSED_VARIABLE = YES;
				IPHONEOS_DEPLOYMENT_TARGET = 15.4;
				MTL_ENABLE_DEBUG_INFO = INCLUDE_SOURCE;
				MTL_FAST_MATH = YES;
				ONLY_ACTIVE_ARCH = YES;
				SDKROOT = iphoneos;
				SWIFT_ACTIVE_COMPILATION_CONDITIONS = DEBUG;
				SWIFT_OPTIMIZATION_LEVEL = "-Onone";
			};
			name = Debug;
		};
		B5F5BCA62A81307E0035ED40 /* Release */ = {
			isa = XCBuildConfiguration;
			buildSettings = {
				ALWAYS_SEARCH_USER_PATHS = NO;
				CLANG_ANALYZER_NONNULL = YES;
				CLANG_ANALYZER_NUMBER_OBJECT_CONVERSION = YES_AGGRESSIVE;
				CLANG_CXX_LANGUAGE_STANDARD = "gnu++20";
				CLANG_ENABLE_MODULES = YES;
				CLANG_ENABLE_OBJC_ARC = YES;
				CLANG_ENABLE_OBJC_WEAK = YES;
				CLANG_WARN_BLOCK_CAPTURE_AUTORELEASING = YES;
				CLANG_WARN_BOOL_CONVERSION = YES;
				CLANG_WARN_COMMA = YES;
				CLANG_WARN_CONSTANT_CONVERSION = YES;
				CLANG_WARN_DEPRECATED_OBJC_IMPLEMENTATIONS = YES;
				CLANG_WARN_DIRECT_OBJC_ISA_USAGE = YES_ERROR;
				CLANG_WARN_DOCUMENTATION_COMMENTS = YES;
				CLANG_WARN_EMPTY_BODY = YES;
				CLANG_WARN_ENUM_CONVERSION = YES;
				CLANG_WARN_INFINITE_RECURSION = YES;
				CLANG_WARN_INT_CONVERSION = YES;
				CLANG_WARN_NON_LITERAL_NULL_CONVERSION = YES;
				CLANG_WARN_OBJC_IMPLICIT_RETAIN_SELF = YES;
				CLANG_WARN_OBJC_LITERAL_CONVERSION = YES;
				CLANG_WARN_OBJC_ROOT_CLASS = YES_ERROR;
				CLANG_WARN_QUOTED_INCLUDE_IN_FRAMEWORK_HEADER = YES;
				CLANG_WARN_RANGE_LOOP_ANALYSIS = YES;
				CLANG_WARN_STRICT_PROTOTYPES = YES;
				CLANG_WARN_SUSPICIOUS_MOVE = YES;
				CLANG_WARN_UNGUARDED_AVAILABILITY = YES_AGGRESSIVE;
				CLANG_WARN_UNREACHABLE_CODE = YES;
				CLANG_WARN__DUPLICATE_METHOD_MATCH = YES;
				COPY_PHASE_STRIP = NO;
				DEBUG_INFORMATION_FORMAT = "dwarf-with-dsym";
				ENABLE_NS_ASSERTIONS = NO;
				ENABLE_STRICT_OBJC_MSGSEND = YES;
				GCC_C_LANGUAGE_STANDARD = gnu11;
				GCC_NO_COMMON_BLOCKS = YES;
				GCC_WARN_64_TO_32_BIT_CONVERSION = YES;
				GCC_WARN_ABOUT_RETURN_TYPE = YES_ERROR;
				GCC_WARN_UNDECLARED_SELECTOR = YES;
				GCC_WARN_UNINITIALIZED_AUTOS = YES_AGGRESSIVE;
				GCC_WARN_UNUSED_FUNCTION = YES;
				GCC_WARN_UNUSED_VARIABLE = YES;
				IPHONEOS_DEPLOYMENT_TARGET = 15.4;
				MTL_ENABLE_DEBUG_INFO = NO;
				MTL_FAST_MATH = YES;
				SDKROOT = iphoneos;
				SWIFT_COMPILATION_MODE = wholemodule;
				SWIFT_OPTIMIZATION_LEVEL = "-O";
				VALIDATE_PRODUCT = YES;
			};
			name = Release;
		};
		B5F5BCA82A81307E0035ED40 /* Debug */ = {
			isa = XCBuildConfiguration;
			buildSettings = {
				ASSETCATALOG_COMPILER_APPICON_NAME = AppIcon;
				ASSETCATALOG_COMPILER_GLOBAL_ACCENT_COLOR_NAME = AccentColor;
				CODE_SIGN_STYLE = Automatic;
				CURRENT_PROJECT_VERSION = 1;
				DEVELOPMENT_ASSET_PATHS = "\"bag-chaser/Preview Content\"";
				DEVELOPMENT_TEAM = 8P5ZFS9CK7;
				ENABLE_PREVIEWS = YES;
				GENERATE_INFOPLIST_FILE = YES;
				INFOPLIST_KEY_UIApplicationSceneManifest_Generation = YES;
				INFOPLIST_KEY_UIApplicationSupportsIndirectInputEvents = YES;
				INFOPLIST_KEY_UILaunchScreen_Generation = YES;
				INFOPLIST_KEY_UISupportedInterfaceOrientations_iPad = "UIInterfaceOrientationPortrait UIInterfaceOrientationPortraitUpsideDown UIInterfaceOrientationLandscapeLeft UIInterfaceOrientationLandscapeRight";
				INFOPLIST_KEY_UISupportedInterfaceOrientations_iPhone = "UIInterfaceOrientationPortrait UIInterfaceOrientationLandscapeLeft UIInterfaceOrientationLandscapeRight";
				LD_RUNPATH_SEARCH_PATHS = (
					"$(inherited)",
					"@executable_path/Frameworks",
				);
				MARKETING_VERSION = 1.0;
				PRODUCT_BUNDLE_IDENTIFIER = "com.raphael.bag-chaser";
				PRODUCT_NAME = "$(TARGET_NAME)";
				SWIFT_EMIT_LOC_STRINGS = YES;
				SWIFT_VERSION = 5.0;
				TARGETED_DEVICE_FAMILY = "1,2";
			};
			name = Debug;
		};
		B5F5BCA92A81307E0035ED40 /* Release */ = {
			isa = XCBuildConfiguration;
			buildSettings = {
				ASSETCATALOG_COMPILER_APPICON_NAME = AppIcon;
				ASSETCATALOG_COMPILER_GLOBAL_ACCENT_COLOR_NAME = AccentColor;
				CODE_SIGN_STYLE = Automatic;
				CURRENT_PROJECT_VERSION = 1;
				DEVELOPMENT_ASSET_PATHS = "\"bag-chaser/Preview Content\"";
				DEVELOPMENT_TEAM = 8P5ZFS9CK7;
				ENABLE_PREVIEWS = YES;
				GENERATE_INFOPLIST_FILE = YES;
				INFOPLIST_KEY_UIApplicationSceneManifest_Generation = YES;
				INFOPLIST_KEY_UIApplicationSupportsIndirectInputEvents = YES;
				INFOPLIST_KEY_UILaunchScreen_Generation = YES;
				INFOPLIST_KEY_UISupportedInterfaceOrientations_iPad = "UIInterfaceOrientationPortrait UIInterfaceOrientationPortraitUpsideDown UIInterfaceOrientationLandscapeLeft UIInterfaceOrientationLandscapeRight";
				INFOPLIST_KEY_UISupportedInterfaceOrientations_iPhone = "UIInterfaceOrientationPortrait UIInterfaceOrientationLandscapeLeft UIInterfaceOrientationLandscapeRight";
				LD_RUNPATH_SEARCH_PATHS = (
					"$(inherited)",
					"@executable_path/Frameworks",
				);
				MARKETING_VERSION = 1.0;
				PRODUCT_BUNDLE_IDENTIFIER = "com.raphael.bag-chaser";
				PRODUCT_NAME = "$(TARGET_NAME)";
				SWIFT_EMIT_LOC_STRINGS = YES;
				SWIFT_VERSION = 5.0;
				TARGETED_DEVICE_FAMILY = "1,2";
			};
			name = Release;
		};
		B5F5BCAB2A81307E0035ED40 /* Debug */ = {
			isa = XCBuildConfiguration;
			buildSettings = {
				ALWAYS_EMBED_SWIFT_STANDARD_LIBRARIES = YES;
				BUNDLE_LOADER = "$(TEST_HOST)";
				CODE_SIGN_STYLE = Automatic;
				CURRENT_PROJECT_VERSION = 1;
				DEVELOPMENT_TEAM = 8P5ZFS9CK7;
				GENERATE_INFOPLIST_FILE = YES;
				IPHONEOS_DEPLOYMENT_TARGET = 16.4;
				MARKETING_VERSION = 1.0;
				PRODUCT_BUNDLE_IDENTIFIER = "com.raphael.bag-chaserTests";
				PRODUCT_NAME = "$(TARGET_NAME)";
				SWIFT_EMIT_LOC_STRINGS = NO;
				SWIFT_VERSION = 5.0;
				TARGETED_DEVICE_FAMILY = "1,2";
				TEST_HOST = "$(BUILT_PRODUCTS_DIR)/bag-chaser.app/$(BUNDLE_EXECUTABLE_FOLDER_PATH)/bag-chaser";
			};
			name = Debug;
		};
		B5F5BCAC2A81307E0035ED40 /* Release */ = {
			isa = XCBuildConfiguration;
			buildSettings = {
				ALWAYS_EMBED_SWIFT_STANDARD_LIBRARIES = YES;
				BUNDLE_LOADER = "$(TEST_HOST)";
				CODE_SIGN_STYLE = Automatic;
				CURRENT_PROJECT_VERSION = 1;
				DEVELOPMENT_TEAM = 8P5ZFS9CK7;
				GENERATE_INFOPLIST_FILE = YES;
				IPHONEOS_DEPLOYMENT_TARGET = 16.4;
				MARKETING_VERSION = 1.0;
				PRODUCT_BUNDLE_IDENTIFIER = "com.raphael.bag-chaserTests";
				PRODUCT_NAME = "$(TARGET_NAME)";
				SWIFT_EMIT_LOC_STRINGS = NO;
				SWIFT_VERSION = 5.0;
				TARGETED_DEVICE_FAMILY = "1,2";
				TEST_HOST = "$(BUILT_PRODUCTS_DIR)/bag-chaser.app/$(BUNDLE_EXECUTABLE_FOLDER_PATH)/bag-chaser";
			};
			name = Release;
		};
		B5F5BCAE2A81307E0035ED40 /* Debug */ = {
			isa = XCBuildConfiguration;
			buildSettings = {
				ALWAYS_EMBED_SWIFT_STANDARD_LIBRARIES = YES;
				CODE_SIGN_STYLE = Automatic;
				CURRENT_PROJECT_VERSION = 1;
				DEVELOPMENT_TEAM = 8P5ZFS9CK7;
				GENERATE_INFOPLIST_FILE = YES;
				MARKETING_VERSION = 1.0;
				PRODUCT_BUNDLE_IDENTIFIER = "com.raphael.bag-chaserUITests";
				PRODUCT_NAME = "$(TARGET_NAME)";
				SWIFT_EMIT_LOC_STRINGS = NO;
				SWIFT_VERSION = 5.0;
				TARGETED_DEVICE_FAMILY = "1,2";
				TEST_TARGET_NAME = "bag-chaser";
			};
			name = Debug;
		};
		B5F5BCAF2A81307E0035ED40 /* Release */ = {
			isa = XCBuildConfiguration;
			buildSettings = {
				ALWAYS_EMBED_SWIFT_STANDARD_LIBRARIES = YES;
				CODE_SIGN_STYLE = Automatic;
				CURRENT_PROJECT_VERSION = 1;
				DEVELOPMENT_TEAM = 8P5ZFS9CK7;
				GENERATE_INFOPLIST_FILE = YES;
				MARKETING_VERSION = 1.0;
				PRODUCT_BUNDLE_IDENTIFIER = "com.raphael.bag-chaserUITests";
				PRODUCT_NAME = "$(TARGET_NAME)";
				SWIFT_EMIT_LOC_STRINGS = NO;
				SWIFT_VERSION = 5.0;
				TARGETED_DEVICE_FAMILY = "1,2";
				TEST_TARGET_NAME = "bag-chaser";
			};
			name = Release;
		};
/* End XCBuildConfiguration section */

/* Begin XCConfigurationList section */
		B5F5BC7E2A81307D0035ED40 /* Build configuration list for PBXProject "bag-chaser" */ = {
			isa = XCConfigurationList;
			buildConfigurations = (
				B5F5BCA52A81307E0035ED40 /* Debug */,
				B5F5BCA62A81307E0035ED40 /* Release */,
			);
			defaultConfigurationIsVisible = 0;
			defaultConfigurationName = Release;
		};
		B5F5BCA72A81307E0035ED40 /* Build configuration list for PBXNativeTarget "bag-chaser" */ = {
			isa = XCConfigurationList;
			buildConfigurations = (
				B5F5BCA82A81307E0035ED40 /* Debug */,
				B5F5BCA92A81307E0035ED40 /* Release */,
			);
			defaultConfigurationIsVisible = 0;
			defaultConfigurationName = Release;
		};
		B5F5BCAA2A81307E0035ED40 /* Build configuration list for PBXNativeTarget "bag-chaserTests" */ = {
			isa = XCConfigurationList;
			buildConfigurations = (
				B5F5BCAB2A81307E0035ED40 /* Debug */,
				B5F5BCAC2A81307E0035ED40 /* Release */,
			);
			defaultConfigurationIsVisible = 0;
			defaultConfigurationName = Release;
		};
		B5F5BCAD2A81307E0035ED40 /* Build configuration list for PBXNativeTarget "bag-chaserUITests" */ = {
			isa = XCConfigurationList;
			buildConfigurations = (
				B5F5BCAE2A81307E0035ED40 /* Debug */,
				B5F5BCAF2A81307E0035ED40 /* Release */,
			);
			defaultConfigurationIsVisible = 0;
			defaultConfigurationName = Release;
		};
/* End XCConfigurationList section */
	};
	rootObject = B5F5BC7B2A81307D0035ED40 /* Project object */;
}
